github.com/lib/pq v1.10.9 h1:YXG7RB+JIjhP29X+OtkiDnYaXQwpS4JEWq7dtCCRUEw=
github.com/lib/pq v1.10.9/go.mod h1:AlVN5x4E4T544tWzH6hKfbfQvm3HdbOxrmggDNAPY9o=
github.com/matthewdargan/ebay v0.2.8 h1:IkzosKEw1qn8ljl3Ld3/jR19Kd+vHuCSv4VAiJxiBl4=
github.com/matthewdargan/ebay v0.2.8/go.mod h1:sbnYch8kImRGWkM4frBn+m5vwQvq1lmaZONcv6Th0HY=
